{
    "_readme": [
        "This file locks the dependencies of your project to a known state",
        "Read more about it at https://getcomposer.org/doc/01-basic-usage.md#installing-dependencies",
        "This file is @generated automatically"
    ],
    "content-hash": "a516fd4419d03d4ed787a7fc915c780f",
    "packages": [
        {
            "name": "bandwidth-throttle/token-bucket",
            "version": "2.0.0",
            "source": {
                "type": "git",
                "url": "https://github.com/bandwidth-throttle/token-bucket.git",
                "reference": "a0c31a4d0fbcf0c1a68c895fc91bf71455bcec08"
            },
            "dist": {
                "type": "zip",
                "url": "https://api.github.com/repos/bandwidth-throttle/token-bucket/zipball/a0c31a4d0fbcf0c1a68c895fc91bf71455bcec08",
                "reference": "a0c31a4d0fbcf0c1a68c895fc91bf71455bcec08",
                "shasum": ""
            },
            "require": {
                "ext-bcmath": "*",
                "malkusch/lock": "^1",
                "php": ">=5.6"
            },
            "require-dev": {
                "ext-redis": "^2.2.4|^3",
                "mikey179/vfsstream": "^1.5.0",
                "php-mock/php-mock-phpunit": "^1",
                "phpunit/phpunit": "^5",
                "predis/predis": "^1"
            },
            "type": "library",
            "autoload": {
                "psr-4": {
                    "bandwidthThrottle\\tokenBucket\\": "classes/"
                }
            },
            "notification-url": "https://packagist.org/downloads/",
            "license": [
                "WTFPL"
            ],
            "authors": [
                {
                    "name": "Markus Malkusch",
                    "email": "markus@malkusch.de",
                    "homepage": "http://markus.malkusch.de",
                    "role": "Developer"
                }
            ],
            "description": "Implementation of the Token Bucket algorithm.",
            "homepage": "https://github.com/bandwidth-throttle/token-bucket",
            "keywords": [
                "bandwidth",
                "rate limit",
                "rate limiting",
                "throttle",
                "throttling",
                "token bucket"
            ],
            "support": {
                "issues": "https://github.com/bandwidth-throttle/token-bucket/issues",
                "source": "https://github.com/bandwidth-throttle/token-bucket/tree/master"
            },
            "time": "2017-10-13T19:09:01+00:00"
        },
        {
            "name": "ezyang/htmlpurifier",
            "version": "v4.17.0",
            "source": {
                "type": "git",
                "url": "https://github.com/ezyang/htmlpurifier.git",
                "reference": "bbc513d79acf6691fa9cf10f192c90dd2957f18c"
            },
            "dist": {
                "type": "zip",
                "url": "https://api.github.com/repos/ezyang/htmlpurifier/zipball/bbc513d79acf6691fa9cf10f192c90dd2957f18c",
                "reference": "bbc513d79acf6691fa9cf10f192c90dd2957f18c",
                "shasum": ""
            },
            "require": {
                "php": "~5.6.0 || ~7.0.0 || ~7.1.0 || ~7.2.0 || ~7.3.0 || ~7.4.0 || ~8.0.0 || ~8.1.0 || ~8.2.0 || ~8.3.0"
            },
            "require-dev": {
                "cerdic/css-tidy": "^1.7 || ^2.0",
                "simpletest/simpletest": "dev-master"
            },
            "suggest": {
                "cerdic/css-tidy": "If you want to use the filter 'Filter.ExtractStyleBlocks'.",
                "ext-bcmath": "Used for unit conversion and imagecrash protection",
                "ext-iconv": "Converts text to and from non-UTF-8 encodings",
                "ext-tidy": "Used for pretty-printing HTML"
            },
            "type": "library",
            "autoload": {
                "files": [
                    "library/HTMLPurifier.composer.php"
                ],
                "psr-0": {
                    "HTMLPurifier": "library/"
                },
                "exclude-from-classmap": [
                    "/library/HTMLPurifier/Language/"
                ]
            },
            "notification-url": "https://packagist.org/downloads/",
            "license": [
                "LGPL-2.1-or-later"
            ],
            "authors": [
                {
                    "name": "Edward Z. Yang",
                    "email": "admin@htmlpurifier.org",
                    "homepage": "http://ezyang.com"
                }
            ],
            "description": "Standards compliant HTML filter written in PHP",
            "homepage": "http://htmlpurifier.org/",
            "keywords": [
                "html"
            ],
            "support": {
                "issues": "https://github.com/ezyang/htmlpurifier/issues",
                "source": "https://github.com/ezyang/htmlpurifier/tree/v4.17.0"
            },
            "time": "2023-11-17T15:01:25+00:00"
        },
        {
            "name": "malkusch/lock",
            "version": "v1.4",
            "source": {
                "type": "git",
                "url": "https://github.com/php-lock/lock.git",
                "reference": "96cd2d82180fc87bd8ad45aac25486f82d9fbf4b"
            },
            "dist": {
                "type": "zip",
                "url": "https://api.github.com/repos/php-lock/lock/zipball/96cd2d82180fc87bd8ad45aac25486f82d9fbf4b",
                "reference": "96cd2d82180fc87bd8ad45aac25486f82d9fbf4b",
                "shasum": ""
            },
            "require": {
                "paragonie/random_compat": "^1|^2",
                "php": ">=5.6",
                "psr/log": "^1"
            },
            "require-dev": {
                "eloquent/liberator": "^2.0",
                "ext-memcached": "*",
                "ext-pcntl": "*",
                "ext-pdo_mysql": "*",
                "ext-pdo_sqlite": "*",
                "ext-redis": "*",
                "johnkary/phpunit-speedtrap": "^1.0",
                "kriswallsmith/spork": "^0.3",
                "mikey179/vfsstream": "^1.5.0",
                "php-mock/php-mock-phpunit": "^1",
                "phpunit/phpunit": "^5",
                "predis/predis": "~1.0",
                "squizlabs/php_codesniffer": "^3.2"
            },
            "suggest": {
                "ext-pnctl": "Enables locking with flock without busy waiting in CLI scripts"
            },
            "type": "library",
            "autoload": {
                "psr-4": {
                    "malkusch\\lock\\": "classes/"
                }
            },
            "notification-url": "https://packagist.org/downloads/",
            "license": [
                "WTFPL"
            ],
            "authors": [
                {
                    "name": "Markus Malkusch",
                    "email": "markus@malkusch.de",
                    "homepage": "http://markus.malkusch.de",
                    "role": "Developer"
                },
                {
                    "name": "Willem Stuursma-Ruwen",
                    "email": "willem@stuursma.name",
                    "role": "Developer"
                }
            ],
            "description": "Mutex library for exclusive code execution.",
            "homepage": "https://github.com/malkusch/lock",
            "keywords": [
                "advisory locks",
                "cas",
                "flock",
                "lock",
                "locking",
                "memcache",
                "mutex",
                "mysql",
                "postgresql",
                "redis",
                "redlock",
                "semaphore"
            ],
            "support": {
                "issues": "https://github.com/php-lock/lock/issues",
                "source": "https://github.com/php-lock/lock/tree/v1.4"
            },
            "time": "2018-07-07T18:43:25+00:00"
        },
        {
            "name": "paragonie/random_compat",
            "version": "v2.0.21",
            "source": {
                "type": "git",
                "url": "https://github.com/paragonie/random_compat.git",
                "reference": "96c132c7f2f7bc3230723b66e89f8f150b29d5ae"
            },
            "dist": {
                "type": "zip",
                "url": "https://api.github.com/repos/paragonie/random_compat/zipball/96c132c7f2f7bc3230723b66e89f8f150b29d5ae",
                "reference": "96c132c7f2f7bc3230723b66e89f8f150b29d5ae",
                "shasum": ""
            },
            "require": {
                "php": ">=5.2.0"
            },
            "require-dev": {
                "phpunit/phpunit": "*"
            },
            "suggest": {
                "ext-libsodium": "Provides a modern crypto API that can be used to generate random bytes."
            },
            "type": "library",
            "autoload": {
                "files": [
                    "lib/random.php"
                ]
            },
            "notification-url": "https://packagist.org/downloads/",
            "license": [
                "MIT"
            ],
            "authors": [
                {
                    "name": "Paragon Initiative Enterprises",
                    "email": "security@paragonie.com",
                    "homepage": "https://paragonie.com"
                }
            ],
            "description": "PHP 5.x polyfill for random_bytes() and random_int() from PHP 7",
            "keywords": [
                "csprng",
                "polyfill",
                "pseudorandom",
                "random"
            ],
            "support": {
                "email": "info@paragonie.com",
                "issues": "https://github.com/paragonie/random_compat/issues",
                "source": "https://github.com/paragonie/random_compat"
            },
            "time": "2022-02-16T17:07:03+00:00"
        },
        {
            "name": "psr/log",
            "version": "1.1.4",
            "source": {
                "type": "git",
                "url": "https://github.com/php-fig/log.git",
                "reference": "d49695b909c3b7628b6289db5479a1c204601f11"
            },
            "dist": {
                "type": "zip",
                "url": "https://api.github.com/repos/php-fig/log/zipball/d49695b909c3b7628b6289db5479a1c204601f11",
                "reference": "d49695b909c3b7628b6289db5479a1c204601f11",
                "shasum": ""
            },
            "require": {
                "php": ">=5.3.0"
            },
            "type": "library",
            "extra": {
                "branch-alias": {
                    "dev-master": "1.1.x-dev"
                }
            },
            "autoload": {
                "psr-4": {
                    "Psr\\Log\\": "Psr/Log/"
                }
            },
            "notification-url": "https://packagist.org/downloads/",
            "license": [
                "MIT"
            ],
            "authors": [
                {
                    "name": "PHP-FIG",
                    "homepage": "https://www.php-fig.org/"
                }
            ],
            "description": "Common interface for logging libraries",
            "homepage": "https://github.com/php-fig/log",
            "keywords": [
                "log",
                "psr",
                "psr-3"
            ],
            "support": {
                "source": "https://github.com/php-fig/log/tree/1.1.4"
            },
            "time": "2021-05-03T11:20:27+00:00"
        }
    ],
    "packages-dev": [],
    "aliases": [],
    "minimum-stability": "stable",
    "stability-flags": [],
    "prefer-stable": false,
    "prefer-lowest": false,
    "platform": [],
    "platform-dev": [],
    "plugin-api-version": "2.6.0"
}
